
Microsoft Visual Studio Solution File, Format Version 12.00
Project("{FAE04EC0-301F-11D3-BF4B-00C04F79EFBC}") = "BattleCompliments.API", "BattleCompliments.API\BattleCompliments.API.csproj", "{BD0BCF7A-69B3-468F-93D4-D712349F76A3}"
EndProject
Global
	GlobalSection(SolutionConfigurationPlatforms) = preSolution
		Debug|Any CPU = Debug|Any CPU
		Release|Any CPU = Release|Any CPU
	EndGlobalSection
	GlobalSection(ProjectConfigurationPlatforms) = postSolution
		{BD0BCF7A-69B3-468F-93D4-D712349F76A3}.Debug|Any CPU.ActiveCfg = Debug|Any CPU
		{BD0BCF7A-69B3-468F-93D4-D712349F76A3}.Debug|Any CPU.Build.0 = Debug|Any CPU
		{BD0BCF7A-69B3-468F-93D4-D712349F76A3}.Release|Any CPU.ActiveCfg = Release|Any CPU
		{BD0BCF7A-69B3-468F-93D4-D712349F76A3}.Release|Any CPU.Build.0 = Release|Any CPU
	EndGlobalSection
EndGlobal
